lockfileVersion: '9.0'

settings:
  autoInstallPeers: true
  excludeLinksFromLockfile: false

importers:

  .:
    dependencies:
      impit:
        specifier: ^0.8.2
        version: 0.8.2
      tough-cookie:
        specifier: ^6.0.1
        version: 6.0.1
    devDependencies:
      '@types/node':
        specifier: ^25.6.2
        version: 25.6.2
      '@types/tough-cookie':
        specifier: ^4.0.5
        version: 4.0.5
      typescript:
        specifier: ^5.9.3
        version: 5.9.3

packages:

  '@types/node@25.6.2':
    resolution: {integrity: sha512-sokuT28dxf9JT5Kady1fsXOvI4HVpjZa95NKT5y9PNTIrs2AsobR4GFAA90ZG8M+nxVRLysCXsVj6eGC7Vbrlw==}

  '@types/tough-cookie@4.0.5':
    resolution: {integrity: sha512-/Ad8+nIOV7Rl++6f1BdKxFSMgmoqEoYbHRpPcx3JEfv8VRsQe9Z4mCXeJBzxs7mbHY/XOZZuXlRNfhpVPbs6ZA==}

  impit-darwin-arm64@0.8.2:
    resolution: {integrity: sha512-xFKLJxyGatPEz49ZUT3f2wRgKAhavWT1w5Cth27csY/Y0Rm7f6IjkjBbXk2/azsqYXNJDgNdAqWq9+/oFFm+IQ==}
    engines: {node: '>= 10'}
    cpu: [arm64]
    os: [darwin]

  impit-darwin-x64@0.8.2:
    resolution: {integrity: sha512-OxkbXWNvl9XcygxDUV+1sTyOYuHeORwCky9Nt/KMRlu+hOhiU2a3ZsS2zlAqYxh77Yfd5VWFJaG+mXpp3Zx8dw==}
    engines: {node: '>= 10'}
    cpu: [x64]
    os: [darwin]

  impit-linux-arm64-gnu@0.8.2:
    resolution: {integrity: sha512-Yygo2Vfyz4+ClXivVxjcuXuffnVnoRg23Wf7MMd0tiLnbxnn+VBPBsj0/kl5GKslacoWvyFz5n997H2NawPe0Q==}
    engines: {node: '>= 10'}
    cpu: [arm64]
    os: [linux]
    libc: [glibc]

  impit-linux-arm64-musl@0.8.2:
    resolution: {integrity: sha512-TB/ux8K7/BVLZlovOE6dDtS2NKgKMjkt75DmbWo2eQnEOF2aJdcKCqsxx4FolZezY1zWcpTOUM+ES+EKI/G9eQ==}
    engines: {node: '>= 10'}
    cpu: [arm64]
    os: [linux]
    libc: [musl]

  impit-linux-x64-gnu@0.8.2:
    resolution: {integrity: sha512-5wVgeMai+chGsb/7KL4W8lCuyf/HcYXLR1pBzevls3/jNUQ5IoyP/XAtUe0GN2H+zCFj7UVD6VFKlbOBFp2a/A==}
    engines: {node: '>= 10'}
    cpu: [x64]
    os: [linux]
    libc: [glibc]

  impit-linux-x64-musl@0.8.2:
    resolution: {integrity: sha512-7QN6DzhH2BlQEj/KTuxBJKFTO1aDsHaDngmJw9V5k8pOFS1s1U3EfnosVTFocgQIcuEk9viutEEEUfUnehnrng==}
    engines: {node: '>= 10'}
    cpu: [x64]
    os: [linux]
    libc: [musl]

  impit-win32-arm64-msvc@0.8.2:
    resolution: {integrity: sha512-KvsKB6mfCM+DAvC5wLhRwOSXdy3fN7JLub1ieazFK2POOqLN27XUc5DbmniAW9jcCew9VMjw3ipZeFvfHEFHFg==}
    engines: {node: '>= 10'}
    cpu: [arm64]
    os: [win32]

  impit-win32-x64-msvc@0.8.2:
    resolution: {integrity: sha512-QidL5Hgjx6l8OepoqT+X0EvP65Z636kLf4tKqd21rM/JBNLPP1jnfjr91XjLlHTS/0lawkjAPUzcpMI9LInUyQ==}
    engines: {node: '>= 10'}
    cpu: [x64]
    os: [win32]

  impit@0.8.2:
    resolution: {integrity: sha512-EVC+R3GrbOjAgYW0e/ShH1FHXFJT5wFRhDnDtmLrzA68FPNsE8wsw6ZsJVW6OxVzKI1ukZ0FM5WrsQ6HK9VR5A==}
    engines: {node: '>= 20'}

  tldts-core@7.0.30:
    resolution: {integrity: sha512-uiHN8PIB1VmWyS98eZYja4xzlYqeFZVjb4OuYlJQnZAuJhMw4PbKQOKgHKhBdJR3FE/t5mUQ1Kd80++B+qhD1Q==}

  tldts@7.0.30:
    resolution: {integrity: sha512-ELrFxuqsDdHUwoh0XxDbxuLD3Wnz49Z57IFvTtvWy1hJdcMZjXLIuonjilCiWHlT2GbE4Wlv1wKVTzDFnXH1aw==}
    hasBin: true

  tough-cookie@6.0.1:
    resolution: {integrity: sha512-LktZQb3IeoUWB9lqR5EWTHgW/VTITCXg4D21M+lvybRVdylLrRMnqaIONLVb5mav8vM19m44HIcGq4qASeu2Qw==}
    engines: {node: '>=16'}

  typescript@5.9.3:
    resolution: {integrity: sha512-jl1vZzPDinLr9eUt3J/t7V6FgNEw9QjvBPdysz9KfQDD41fQrC2Y4vKQdiaUpFT4bXlb1RHhLpp8wtm6M5TgSw==}
    engines: {node: '>=14.17'}
    hasBin: true

  undici-types@7.19.2:
    resolution: {integrity: sha512-qYVnV5OEm2AW8cJMCpdV20CDyaN3g0AjDlOGf1OW4iaDEx8MwdtChUp4zu4H0VP3nDRF/8RKWH+IPp9uW0YGZg==}

snapshots:

  '@types/node@25.6.2':
    dependencies:
      undici-types: 7.19.2

  '@types/tough-cookie@4.0.5': {}

  impit-darwin-arm64@0.8.2:
    optional: true

  impit-darwin-x64@0.8.2:
    optional: true

  impit-linux-arm64-gnu@0.8.2:
    optional: true

  impit-linux-arm64-musl@0.8.2:
    optional: true

  impit-linux-x64-gnu@0.8.2:
    optional: true

  impit-linux-x64-musl@0.8.2:
    optional: true

  impit-win32-arm64-msvc@0.8.2:
    optional: true

  impit-win32-x64-msvc@0.8.2:
    optional: true

  impit@0.8.2:
    optionalDependencies:
      impit-darwin-arm64: 0.8.2
      impit-darwin-x64: 0.8.2
      impit-linux-arm64-gnu: 0.8.2
      impit-linux-arm64-musl: 0.8.2
      impit-linux-x64-gnu: 0.8.2
      impit-linux-x64-musl: 0.8.2
      impit-win32-arm64-msvc: 0.8.2
      impit-win32-x64-msvc: 0.8.2

  tldts-core@7.0.30: {}

  tldts@7.0.30:
    dependencies:
      tldts-core: 7.0.30

  tough-cookie@6.0.1:
    dependencies:
      tldts: 7.0.30

  typescript@5.9.3: {}

  undici-types@7.19.2: {}
